
Microsoft Visual Studio Solution File, Format Version 12.00
# Visual Studio 15
VisualStudioVersion = 15.0.28010.2046
MinimumVisualStudioVersion = 10.0.40219.1
Project("{9A19103F-16F7-4668-BE54-9A1E7A4F7556}") = "Vega", "Vega.csproj", "{688E0BC1-0949-48CE-B8AC-63B502D196A7}"
EndProject
Global
	GlobalSection(SolutionConfigurationPlatforms) = preSolution
		Debug|Any CPU = Debug|Any CPU
		Release|Any CPU = Release|Any CPU
	EndGlobalSection
	GlobalSection(ProjectConfigurationPlatforms) = postSolution
		{688E0BC1-0949-48CE-B8AC-63B502D196A7}.Debug|Any CPU.ActiveCfg = Debug|Any CPU
		{688E0BC1-0949-48CE-B8AC-63B502D196A7}.Debug|Any CPU.Build.0 = Debug|Any CPU
		{688E0BC1-0949-48CE-B8AC-63B502D196A7}.Release|Any CPU.ActiveCfg = Release|Any CPU
		{688E0BC1-0949-48CE-B8AC-63B502D196A7}.Release|Any CPU.Build.0 = Release|Any CPU
	EndGlobalSection
	GlobalSection(SolutionProperties) = preSolution
		HideSolutionNode = FALSE
	EndGlobalSection
	GlobalSection(ExtensibilityGlobals) = postSolution
		SolutionGuid = {EAC1F796-0C81-4B8C-88EA-F18F22B6F0CE}
	EndGlobalSection
EndGlobal
